
Microsoft Visual Studio Solution File, Format Version 12.00
# Visual Studio 15
VisualStudioVersion = 15.0.27703.2035
MinimumVisualStudioVersion = 10.0.40219.1
Project("{FAE04EC0-301F-11D3-BF4B-00C04F79EFBC}") = "encoder", "encoder\encoder.csproj", "{FE779476-BCC2-400F-9816-C324FE3380BC}"
EndProject
Project("{FAE04EC0-301F-11D3-BF4B-00C04F79EFBC}") = "encoder-test", "encoder-test\encoder-test.csproj", "{02D759D4-E948-4C4F-B69F-16A120C435A8}"
EndProject
Global
	GlobalSection(SolutionConfigurationPlatforms) = preSolution
		Debug|Any CPU = Debug|Any CPU
		Release|Any CPU = Release|Any CPU
	EndGlobalSection
	GlobalSection(ProjectConfigurationPlatforms) = postSolution
		{FE779476-BCC2-400F-9816-C324FE3380BC}.Debug|Any CPU.ActiveCfg = Debug|Any CPU
		{FE779476-BCC2-400F-9816-C324FE3380BC}.Debug|Any CPU.Build.0 = Debug|Any CPU
		{FE779476-BCC2-400F-9816-C324FE3380BC}.Release|Any CPU.ActiveCfg = Release|Any CPU
		{FE779476-BCC2-400F-9816-C324FE3380BC}.Release|Any CPU.Build.0 = Release|Any CPU
		{02D759D4-E948-4C4F-B69F-16A120C435A8}.Debug|Any CPU.ActiveCfg = Debug|Any CPU
		{02D759D4-E948-4C4F-B69F-16A120C435A8}.Debug|Any CPU.Build.0 = Debug|Any CPU
		{02D759D4-E948-4C4F-B69F-16A120C435A8}.Release|Any CPU.ActiveCfg = Release|Any CPU
		{02D759D4-E948-4C4F-B69F-16A120C435A8}.Release|Any CPU.Build.0 = Release|Any CPU
	EndGlobalSection
	GlobalSection(SolutionProperties) = preSolution
		HideSolutionNode = FALSE
	EndGlobalSection
	GlobalSection(ExtensibilityGlobals) = postSolution
		SolutionGuid = {535ABF94-3864-47D7-8481-B150EDCC224C}
	EndGlobalSection
EndGlobal
